
Microsoft Visual Studio Solution File, Format Version 12.00
# Visual Studio Version 17
VisualStudioVersion = 17.4.33213.308
MinimumVisualStudioVersion = 10.0.40219.1
Project("{9A19103F-16F7-4668-BE54-9A1E7A4F7556}") = "MVCCoreApi", "MVCCoreApi\MVCCoreApi.csproj", "{62CD6732-EFBE-4EBE-BC48-2FAFC772BF43}"
EndProject
Global
	GlobalSection(SolutionConfigurationPlatforms) = preSolution
		Debug|Any CPU = Debug|Any CPU
		Release|Any CPU = Release|Any CPU
	EndGlobalSection
	GlobalSection(ProjectConfigurationPlatforms) = postSolution
		{62CD6732-EFBE-4EBE-BC48-2FAFC772BF43}.Debug|Any CPU.ActiveCfg = Debug|Any CPU
		{62CD6732-EFBE-4EBE-BC48-2FAFC772BF43}.Debug|Any CPU.Build.0 = Debug|Any CPU
		{62CD6732-EFBE-4EBE-BC48-2FAFC772BF43}.Release|Any CPU.ActiveCfg = Release|Any CPU
		{62CD6732-EFBE-4EBE-BC48-2FAFC772BF43}.Release|Any CPU.Build.0 = Release|Any CPU
	EndGlobalSection
	GlobalSection(SolutionProperties) = preSolution
		HideSolutionNode = FALSE
	EndGlobalSection
	GlobalSection(ExtensibilityGlobals) = postSolution
		SolutionGuid = {5555CDC5-F146-4EDA-83F0-3521264B97F7}
	EndGlobalSection
EndGlobal
